PODS:
  - Alamofire (4.7.2)
  - AlamofireImage (3.3.1):
    - Alamofire (~> 4.5)
  - Appirater (2.3.1)
  - DynamicBlurView (2.0.2)
  - ExpandableLabel (0.4.0)
  - Firebase (5.3.0):
    - Firebase/Core (= 5.3.0)
  - Firebase/AdMob (5.3.0):
    - Firebase/Core
    - Google-Mobile-Ads-SDK (= 7.31.0)
  - Firebase/Analytics (5.3.0):
    - Firebase/Core
  - Firebase/Core (5.3.0):
    - Firebase/CoreOnly
    - FirebaseAnalytics (= 5.0.1)
  - Firebase/CoreOnly (5.3.0):
    - FirebaseCore (= 5.0.4)
  - FirebaseAnalytics (5.0.1):
    - FirebaseCore (~> 5.0)
    - FirebaseInstanceID (~> 3.0)
    - "GoogleToolboxForMac/NSData+zlib (~> 2.1)"
    - nanopb (~> 0.3)
  - FirebaseCore (5.0.4):
    - "GoogleToolboxForMac/NSData+zlib (~> 2.1)"
  - FirebaseInstanceID (3.1.1):
    - FirebaseCore (~> 5.0)
  - Google-Mobile-Ads-SDK (7.31.0)
  - GoogleToolboxForMac/Defines (2.1.4)
  - "GoogleToolboxForMac/NSData+zlib (2.1.4)":
    - GoogleToolboxForMac/Defines (= 2.1.4)
  - HexColors (4.0.0)
  - nanopb (0.3.8):
    - nanopb/decode (= 0.3.8)
    - nanopb/encode (= 0.3.8)
  - nanopb/decode (0.3.8)
  - nanopb/encode (0.3.8)
  - PopupDialog (0.7.1):
    - DynamicBlurView (~> 2.0)
  - PPTopMostController (0.0.1)
  - RMessage (2.3.0):
    - HexColors (~> 4.0)
    - PPTopMostController
  - RSLoadingView (1.1.2)
  - Spring (1.0.5)
  - SwiftMessages (4.1.4):
    - SwiftMessages/App (= 4.1.4)
  - SwiftMessages/App (4.1.4)

DEPENDENCIES:
  - Alamofire
  - AlamofireImage
  - Appirater
  - ExpandableLabel
  - Firebase
  - Firebase/AdMob
  - Firebase/Analytics
  - Firebase/Core
  - PopupDialog (~> 0.7)
  - RMessage
  - RSLoadingView
  - Spring (from `https://github.com/MengTo/Spring.git`)
  - SwiftMessages

SPEC REPOS:
  https://github.com/cocoapods/specs.git:
    - Alamofire
    - AlamofireImage
    - Appirater
    - DynamicBlurView
    - ExpandableLabel
    - Firebase
    - FirebaseAnalytics
    - FirebaseCore
    - FirebaseInstanceID
    - Google-Mobile-Ads-SDK
    - GoogleToolboxForMac
    - HexColors
    - nanopb
    - PopupDialog
    - PPTopMostController
    - RMessage
    - RSLoadingView
    - SwiftMessages

EXTERNAL SOURCES:
  Spring:
    :git: https://github.com/MengTo/Spring.git

CHECKOUT OPTIONS:
  Spring:
    :commit: c540239f3590bbaf4a35c3959c329dd5ed4e3eee
    :git: https://github.com/MengTo/Spring.git

SPEC CHECKSUMS:
  Alamofire: e4fa87002c137ba2d8d634d2c51fabcda0d5c223
  AlamofireImage: 3b35b586853abaf94ca1250f4e94cff3c21a4c0d
  Appirater: 44a4651f7912a17dc906b655f0c215d5bb768b84
  DynamicBlurView: aa6db4defc6e537eb86fc5e58dd3991666178399
  ExpandableLabel: 5f5f61fbf71433000cd7c3290617e6fcccb72c86
  Firebase: 68afeeb05461db02d7c9e3215cda28068670f4aa
  FirebaseAnalytics: b3628aea54c50464c32c393fb2ea032566e7ecc2
  FirebaseCore: 62f1b792a49bb9e8b4073f24606d2c93ffc352f0
  FirebaseInstanceID: f3f0657372592ecdfdfe2cac604a5a75758376a6
  Google-Mobile-Ads-SDK: 6e529e748b45507a2ca904e0b5a52669ba3920c4
  GoogleToolboxForMac: 91c824d21e85b31c2aae9bb011c5027c9b4e738f
  HexColors: 5f95843ef89aff6a72e1fd3a8ebabf205cc43379
  nanopb: 5601e6bca2dbf1ed831b519092ec110f66982ca3
  PopupDialog: 39598b7d41719f5c025b4b70e62728bae7734fef
  PPTopMostController: 4e6f1e5f8c645bdcc74cd837a20f607ff262c048
  RMessage: 27f860ca6712e0926a5fc63f362fd09667d9d02b
  RSLoadingView: fdfeee9968b6dad2559169a97da0ad2580371f3a
  Spring: 3c7666eccefdeb87140008dc81043f89f8dbb787
  SwiftMessages: 2c33fdee8b8f38dfc7e1036684456b505891da8c

PODFILE CHECKSUM: b36ce1596d5d614771989df73ff4372067216d68

COCOAPODS: 1.5.2
