PODS:
  - Alamofire (4.8.2)
  - AlamofireImage (3.5.2):
    - Alamofire (~> 4.8)
  - Appirater (2.3.1)
  - DynamicBlurView (3.0.1)
  - ExpandableLabel (0.5.2)
  - Firebase (6.5.0):
    - Firebase/Core (= 6.5.0)
  - Firebase/AdMob (6.5.0):
    - Firebase/CoreOnly
    - Google-Mobile-Ads-SDK (~> 7.47)
  - Firebase/Analytics (6.5.0):
    - Firebase/Core
  - Firebase/Core (6.5.0):
    - Firebase/CoreOnly
    - FirebaseAnalytics (= 6.0.4)
  - Firebase/CoreOnly (6.5.0):
    - FirebaseCore (= 6.1.0)
  - FirebaseAnalytics (6.0.4):
    - FirebaseCore (~> 6.1)
    - FirebaseInstanceID (~> 4.2)
    - GoogleAppMeasurement (= 6.0.4)
    - GoogleUtilities/AppDelegateSwizzler (~> 6.0)
    - GoogleUtilities/MethodSwizzler (~> 6.0)
    - GoogleUtilities/Network (~> 6.0)
    - "GoogleUtilities/NSData+zlib (~> 6.0)"
    - nanopb (~> 0.3)
  - FirebaseCore (6.1.0):
    - GoogleUtilities/Environment (~> 6.0)
    - GoogleUtilities/Logger (~> 6.0)
  - FirebaseInstanceID (4.2.2):
    - FirebaseCore (~> 6.0)
    - GoogleUtilities/Environment (~> 6.0)
    - GoogleUtilities/UserDefaults (~> 6.0)
  - Google-Mobile-Ads-SDK (7.47.0):
    - GoogleAppMeasurement (~> 6.0)
  - GoogleAppMeasurement (6.0.4):
    - GoogleUtilities/AppDelegateSwizzler (~> 6.0)
    - GoogleUtilities/MethodSwizzler (~> 6.0)
    - GoogleUtilities/Network (~> 6.0)
    - "GoogleUtilities/NSData+zlib (~> 6.0)"
    - nanopb (~> 0.3)
  - GoogleUtilities/AppDelegateSwizzler (6.2.3):
    - GoogleUtilities/Environment
    - GoogleUtilities/Logger
    - GoogleUtilities/Network
  - GoogleUtilities/Environment (6.2.3)
  - GoogleUtilities/Logger (6.2.3):
    - GoogleUtilities/Environment
  - GoogleUtilities/MethodSwizzler (6.2.3):
    - GoogleUtilities/Logger
  - GoogleUtilities/Network (6.2.3):
    - GoogleUtilities/Logger
    - "GoogleUtilities/NSData+zlib"
    - GoogleUtilities/Reachability
  - "GoogleUtilities/NSData+zlib (6.2.3)"
  - GoogleUtilities/Reachability (6.2.3):
    - GoogleUtilities/Logger
  - GoogleUtilities/UserDefaults (6.2.3):
    - GoogleUtilities/Logger
  - HexColors (4.0.0)
  - nanopb (0.3.901):
    - nanopb/decode (= 0.3.901)
    - nanopb/encode (= 0.3.901)
  - nanopb/decode (0.3.901)
  - nanopb/encode (0.3.901)
  - PopupDialog (1.1.0):
    - DynamicBlurView (~> 3.0.1)
  - PPTopMostController (0.0.1)
  - RMessage (2.3.2):
    - HexColors (~> 4.0)
    - PPTopMostController
  - RSLoadingView (1.1.3)
  - RxSwift (5.0.0)
  - Spring (1.0.6)
  - SwiftMessages (7.0.0):
    - SwiftMessages/App (= 7.0.0)
  - SwiftMessages/App (7.0.0)

DEPENDENCIES:
  - Alamofire
  - AlamofireImage
  - Appirater
  - ExpandableLabel
  - Firebase
  - Firebase/AdMob
  - Firebase/Analytics
  - Firebase/Core
  - PopupDialog
  - RMessage
  - RSLoadingView
  - RxSwift
  - Spring (from `https://github.com/MengTo/Spring.git`)
  - SwiftMessages

SPEC REPOS:
  https://github.com/cocoapods/specs.git:
    - Alamofire
    - AlamofireImage
    - Appirater
    - DynamicBlurView
    - ExpandableLabel
    - Firebase
    - FirebaseAnalytics
    - FirebaseCore
    - FirebaseInstanceID
    - Google-Mobile-Ads-SDK
    - GoogleAppMeasurement
    - GoogleUtilities
    - HexColors
    - nanopb
    - PopupDialog
    - PPTopMostController
    - RMessage
    - RSLoadingView
    - RxSwift
    - SwiftMessages

EXTERNAL SOURCES:
  Spring:
    :git: https://github.com/MengTo/Spring.git

CHECKOUT OPTIONS:
  Spring:
    :commit: fafd0b2e8d4d46405bd86fa7ba84bb7f73a20b13
    :git: https://github.com/MengTo/Spring.git

SPEC CHECKSUMS:
  Alamofire: ae5c501addb7afdbb13687d7f2f722c78734c2d3
  AlamofireImage: 63cfe3baf1370be6c498149687cf6db3e3b00999
  Appirater: 44a4651f7912a17dc906b655f0c215d5bb768b84
  DynamicBlurView: b1df5415f9bd31897549e5d7077e5ec120a4d636
  ExpandableLabel: c2fab6d27860c572d67134b30522a5917746171d
  Firebase: dedc9e48ea3f3649ad5f6b982f8a0c73508a14b5
  FirebaseAnalytics: 3fb375bc9d13779add4039716f868d233a473fad
  FirebaseCore: aecf02fb2274ec361b9bebeac112f5daa18273bd
  FirebaseInstanceID: 662b8108a09fe9ed01aafdedba100fde8536b0f6
  Google-Mobile-Ads-SDK: a10b30f4a51a3283df7df3c9ea7e84553b508e4b
  GoogleAppMeasurement: 183bd916af7f80deb67c01888368f1108d641832
  GoogleUtilities: d2b0e277a95962e09bb27f5cd42f5f0b6a506c7d
  HexColors: 5f95843ef89aff6a72e1fd3a8ebabf205cc43379
  nanopb: 2901f78ea1b7b4015c860c2fdd1ea2fee1a18d48
  PopupDialog: 42fb7a0bc4fafdf89fef8b5b2b127a6023f3e1cc
  PPTopMostController: 4e6f1e5f8c645bdcc74cd837a20f607ff262c048
  RMessage: 761f8ff71247b8d72d0c4a0be5a8e6ce8dfdedd0
  RSLoadingView: c7749afdd455229643e8f34277d0695973a15b1a
  RxSwift: 8b0671caa829a763bbce7271095859121cbd895f
  Spring: 3d113f14575ef79aec9c5f906dfa4f5001c03254
  SwiftMessages: a952f7a9103d9aeab93730a2861d2d8fcdd8758f

PODFILE CHECKSUM: 8575eed14da8fb1fa5c40f66e1c415c87fd84265

COCOAPODS: 1.7.1
