PODS:
  - Alamofire (4.7.3)
  - AlamofireImage (3.4.1):
    - Alamofire (~> 4.7)
  - Appirater (2.3.1)
  - DynamicBlurView (3.0.1)
  - ExpandableLabel (0.4.1)
  - Firebase (5.9.0):
    - Firebase/Core (= 5.9.0)
  - Firebase/AdMob (5.9.0):
    - Firebase/Core
    - Google-Mobile-Ads-SDK (~> 7.33)
  - Firebase/Analytics (5.9.0):
    - Firebase/Core
  - Firebase/Core (5.9.0):
    - Firebase/CoreOnly
    - FirebaseAnalytics (= 5.2.0)
  - Firebase/CoreOnly (5.9.0):
    - FirebaseCore (= 5.1.4)
  - FirebaseAnalytics (5.2.0):
    - FirebaseCore (~> 5.1)
    - FirebaseInstanceID (~> 3.2)
    - GoogleAppMeasurement (~> 5.2)
    - GoogleUtilities/AppDelegateSwizzler (~> 5.2)
    - GoogleUtilities/MethodSwizzler (~> 5.2)
    - GoogleUtilities/Network (~> 5.2)
    - "GoogleUtilities/NSData+zlib (~> 5.2)"
    - nanopb (~> 0.3)
  - FirebaseCore (5.1.4):
    - GoogleUtilities/Logger (~> 5.2)
  - FirebaseInstanceID (3.2.2):
    - FirebaseCore (~> 5.1)
    - GoogleUtilities/Environment (~> 5.3)
    - GoogleUtilities/UserDefaults (~> 5.3)
  - Google-Mobile-Ads-SDK (7.34.0)
  - GoogleAppMeasurement (5.2.0):
    - GoogleUtilities/AppDelegateSwizzler (~> 5.2)
    - GoogleUtilities/MethodSwizzler (~> 5.2)
    - GoogleUtilities/Network (~> 5.2)
    - "GoogleUtilities/NSData+zlib (~> 5.2)"
    - nanopb (~> 0.3)
  - GoogleUtilities/AppDelegateSwizzler (5.3.0):
    - GoogleUtilities/Environment
    - GoogleUtilities/Logger
    - GoogleUtilities/Network
  - GoogleUtilities/Environment (5.3.0)
  - GoogleUtilities/Logger (5.3.0):
    - GoogleUtilities/Environment
  - GoogleUtilities/MethodSwizzler (5.3.0):
    - GoogleUtilities/Logger
  - GoogleUtilities/Network (5.3.0):
    - GoogleUtilities/Logger
    - "GoogleUtilities/NSData+zlib"
    - GoogleUtilities/Reachability
  - "GoogleUtilities/NSData+zlib (5.3.0)"
  - GoogleUtilities/Reachability (5.3.0):
    - GoogleUtilities/Logger
  - GoogleUtilities/UserDefaults (5.3.0):
    - GoogleUtilities/Logger
  - HexColors (4.0.0)
  - nanopb (0.3.8):
    - nanopb/decode (= 0.3.8)
    - nanopb/encode (= 0.3.8)
  - nanopb/decode (0.3.8)
  - nanopb/encode (0.3.8)
  - PopupDialog (0.9.0):
    - DynamicBlurView (~> 3.0.1)
  - PPTopMostController (0.0.1)
  - RMessage (2.3.2):
    - HexColors (~> 4.0)
    - PPTopMostController
  - RSLoadingView (1.1.3)
  - Spring (1.0.5)
  - SwiftMessages (6.0.0):
    - SwiftMessages/App (= 6.0.0)
  - SwiftMessages/App (6.0.0)

DEPENDENCIES:
  - Alamofire
  - AlamofireImage
  - Appirater
  - ExpandableLabel
  - Firebase
  - Firebase/AdMob
  - Firebase/Analytics
  - Firebase/Core
  - PopupDialog (~> 0.7)
  - RMessage
  - RSLoadingView
  - Spring (from `https://github.com/MengTo/Spring.git`)
  - SwiftMessages

SPEC REPOS:
  https://github.com/cocoapods/specs.git:
    - Alamofire
    - AlamofireImage
    - Appirater
    - DynamicBlurView
    - ExpandableLabel
    - Firebase
    - FirebaseAnalytics
    - FirebaseCore
    - FirebaseInstanceID
    - Google-Mobile-Ads-SDK
    - GoogleAppMeasurement
    - GoogleUtilities
    - HexColors
    - nanopb
    - PopupDialog
    - PPTopMostController
    - RMessage
    - RSLoadingView
    - SwiftMessages

EXTERNAL SOURCES:
  Spring:
    :git: https://github.com/MengTo/Spring.git

CHECKOUT OPTIONS:
  Spring:
    :commit: c540239f3590bbaf4a35c3959c329dd5ed4e3eee
    :git: https://github.com/MengTo/Spring.git

SPEC CHECKSUMS:
  Alamofire: c7287b6e5d7da964a70935e5db17046b7fde6568
  AlamofireImage: 78d67ccbb763d87ba44b21583d2153500a195630
  Appirater: 44a4651f7912a17dc906b655f0c215d5bb768b84
  DynamicBlurView: b1df5415f9bd31897549e5d7077e5ec120a4d636
  ExpandableLabel: 1ad99072d1d90f1db5925b8d04d56bf8607e5f9b
  Firebase: 383fa29aca93e371cab776b48a5c66544d3c2003
  FirebaseAnalytics: 831f1f127f4a75698e9875a87bf7e2668730d953
  FirebaseCore: 2a84b6b325792a4319ef71ee18819dcba08d2fd7
  FirebaseInstanceID: 78ba376fcd5b94c001f9999b2cbd3d1f1e56e78d
  Google-Mobile-Ads-SDK: a1cbce28c0c78ca1fb0b6c4f213485f55527c99f
  GoogleAppMeasurement: 2b3a023a61239c8d002e6e4fcf4abce8eddce0e0
  GoogleUtilities: 760ccb53b7c7f40f9c02d8c241f76f841a7a6162
  HexColors: 5f95843ef89aff6a72e1fd3a8ebabf205cc43379
  nanopb: 5601e6bca2dbf1ed831b519092ec110f66982ca3
  PopupDialog: 953c9502f0aa0adcead7d5eb3e9a4d46a11a0093
  PPTopMostController: 4e6f1e5f8c645bdcc74cd837a20f607ff262c048
  RMessage: 761f8ff71247b8d72d0c4a0be5a8e6ce8dfdedd0
  RSLoadingView: c7749afdd455229643e8f34277d0695973a15b1a
  Spring: 3c7666eccefdeb87140008dc81043f89f8dbb787
  SwiftMessages: da7c981256a65b3e58022d9027a36584cf4eccf5

PODFILE CHECKSUM: b36ce1596d5d614771989df73ff4372067216d68

COCOAPODS: 1.5.2
